
Microsoft Visual Studio Solution File, Format Version 12.00
# Visual Studio Version 17
VisualStudioVersion = 17.4.33110.190
MinimumVisualStudioVersion = 10.0.40219.1
Project("{FAE04EC0-301F-11D3-BF4B-00C04F79EFBC}") = "StatsSA.eRecruitment.WebApi", "StatsSA.eRecruitment.WebApi\StatsSA.eRecruitment.WebApi.csproj", "{C45D871C-4FFC-4036-9C03-9EFD6C2953A5}"
EndProject
Project("{FAE04EC0-301F-11D3-BF4B-00C04F79EFBC}") = "StatsSA.eRecruitment.InternalWeb", "StatsSA.eRecruitment.InternalWeb\StatsSA.eRecruitment.InternalWeb.csproj", "{EF671318-5006-44DC-8AAB-FD1E193BB50F}"
EndProject
Project("{2150E333-8FDC-42A3-9474-1A3956D46DE8}") = "eRecruitmentOnline", "eRecruitmentOnline", "{0310C46D-44D8-48CE-B2BF-91AA47D6C171}"
EndProject
Project("{2150E333-8FDC-42A3-9474-1A3956D46DE8}") = "eRecruitmentInternal", "eRecruitmentInternal", "{6DEEEF10-0E1D-4581-AB35-FD548B5763D7}"
EndProject
Project("{FAE04EC0-301F-11D3-BF4B-00C04F79EFBC}") = "StatsSA.eRecruitment.Reports", "StatsSA.eRecruitment.Reports\StatsSA.eRecruitment.Reports.csproj", "{459B4C16-D02E-4ADF-B5EA-1017CBC3DFDB}"
EndProject
Project("{FAE04EC0-301F-11D3-BF4B-00C04F79EFBC}") = "StatsSA.eRecruitment.Entities", "StatsSA.eRecruitment.Entities\StatsSA.eRecruitment.Entities.csproj", "{54D2AACC-4A85-4646-B905-548FABD2A6B5}"
EndProject
Project("{FAE04EC0-301F-11D3-BF4B-00C04F79EFBC}") = "StatsSA.eRecruitment.IManager", "StatsSA.eRecruitment.IManager\StatsSA.eRecruitment.IManager.csproj", "{B869AE84-126F-4413-882B-EBB3E94DC444}"
EndProject
Project("{FAE04EC0-301F-11D3-BF4B-00C04F79EFBC}") = "StatsSA.eRecruitment.IProvider", "StatsSA.eRecruitment.IProvider\StatsSA.eRecruitment.IProvider.csproj", "{1AE9BC8E-14D2-432E-9B6D-7AD232F726B7}"
EndProject
Project("{FAE04EC0-301F-11D3-BF4B-00C04F79EFBC}") = "StatsSA.eRecruitment.Manager", "StatsSA.eRecruitment.Manager\StatsSA.eRecruitment.Manager.csproj", "{D989E3BC-3CA7-400C-BB25-7B6AC905C244}"
EndProject
Project("{FAE04EC0-301F-11D3-BF4B-00C04F79EFBC}") = "StatsSA.eRecruitment.Provider", "StatsSA.eRecruitment.Provider\StatsSA.eRecruitment.Provider.csproj", "{6A89F07A-4AE6-4C83-8EEE-076964F41417}"
EndProject
Project("{FAE04EC0-301F-11D3-BF4B-00C04F79EFBC}") = "StatsSA.eRecruitment.Test", "StatsSA.eRecruitment.Test\StatsSA.eRecruitment.Test.csproj", "{FB1C2839-2888-4C2F-B8CE-8EA98AA82EE3}"
EndProject
Project("{FAE04EC0-301F-11D3-BF4B-00C04F79EFBC}") = "StatsSA.eRecruitment.WebUI", "StatsSA.eRecruitment.WebUI\StatsSA.eRecruitment.WebUI.csproj", "{6378E80D-A0ED-4268-9C9A-FDCC3D3E09B6}"
EndProject
Project("{FAE04EC0-301F-11D3-BF4B-00C04F79EFBC}") = "StatsSA.eRecruitment.AutoReject", "StatsSA.eRecruitment.AutoReject\StatsSA.eRecruitment.AutoReject.csproj", "{36494F38-4991-4DE9-B221-14A89F1A7366}"
EndProject
Global
	GlobalSection(SolutionConfigurationPlatforms) = preSolution
		Debug|Any CPU = Debug|Any CPU
		DebugLocal|Any CPU = DebugLocal|Any CPU
		Release|Any CPU = Release|Any CPU
	EndGlobalSection
	GlobalSection(ProjectConfigurationPlatforms) = postSolution
		{C45D871C-4FFC-4036-9C03-9EFD6C2953A5}.Debug|Any CPU.ActiveCfg = Debug|Any CPU
		{C45D871C-4FFC-4036-9C03-9EFD6C2953A5}.Debug|Any CPU.Build.0 = Debug|Any CPU
		{C45D871C-4FFC-4036-9C03-9EFD6C2953A5}.DebugLocal|Any CPU.ActiveCfg = Debug|Any CPU
		{C45D871C-4FFC-4036-9C03-9EFD6C2953A5}.DebugLocal|Any CPU.Build.0 = Debug|Any CPU
		{C45D871C-4FFC-4036-9C03-9EFD6C2953A5}.Release|Any CPU.ActiveCfg = Release|Any CPU
		{C45D871C-4FFC-4036-9C03-9EFD6C2953A5}.Release|Any CPU.Build.0 = Release|Any CPU
		{EF671318-5006-44DC-8AAB-FD1E193BB50F}.Debug|Any CPU.ActiveCfg = Debug|Any CPU
		{EF671318-5006-44DC-8AAB-FD1E193BB50F}.Debug|Any CPU.Build.0 = Debug|Any CPU
		{EF671318-5006-44DC-8AAB-FD1E193BB50F}.DebugLocal|Any CPU.ActiveCfg = Debug|Any CPU
		{EF671318-5006-44DC-8AAB-FD1E193BB50F}.DebugLocal|Any CPU.Build.0 = Debug|Any CPU
		{EF671318-5006-44DC-8AAB-FD1E193BB50F}.Release|Any CPU.ActiveCfg = Release|Any CPU
		{EF671318-5006-44DC-8AAB-FD1E193BB50F}.Release|Any CPU.Build.0 = Release|Any CPU
		{459B4C16-D02E-4ADF-B5EA-1017CBC3DFDB}.Debug|Any CPU.ActiveCfg = Debug|Any CPU
		{459B4C16-D02E-4ADF-B5EA-1017CBC3DFDB}.Debug|Any CPU.Build.0 = Debug|Any CPU
		{459B4C16-D02E-4ADF-B5EA-1017CBC3DFDB}.DebugLocal|Any CPU.ActiveCfg = Debug|Any CPU
		{459B4C16-D02E-4ADF-B5EA-1017CBC3DFDB}.DebugLocal|Any CPU.Build.0 = Debug|Any CPU
		{459B4C16-D02E-4ADF-B5EA-1017CBC3DFDB}.Release|Any CPU.ActiveCfg = Release|Any CPU
		{459B4C16-D02E-4ADF-B5EA-1017CBC3DFDB}.Release|Any CPU.Build.0 = Release|Any CPU
		{54D2AACC-4A85-4646-B905-548FABD2A6B5}.Debug|Any CPU.ActiveCfg = Debug|Any CPU
		{54D2AACC-4A85-4646-B905-548FABD2A6B5}.Debug|Any CPU.Build.0 = Debug|Any CPU
		{54D2AACC-4A85-4646-B905-548FABD2A6B5}.DebugLocal|Any CPU.ActiveCfg = Debug|Any CPU
		{54D2AACC-4A85-4646-B905-548FABD2A6B5}.DebugLocal|Any CPU.Build.0 = Debug|Any CPU
		{54D2AACC-4A85-4646-B905-548FABD2A6B5}.Release|Any CPU.ActiveCfg = Release|Any CPU
		{54D2AACC-4A85-4646-B905-548FABD2A6B5}.Release|Any CPU.Build.0 = Release|Any CPU
		{B869AE84-126F-4413-882B-EBB3E94DC444}.Debug|Any CPU.ActiveCfg = Debug|Any CPU
		{B869AE84-126F-4413-882B-EBB3E94DC444}.Debug|Any CPU.Build.0 = Debug|Any CPU
		{B869AE84-126F-4413-882B-EBB3E94DC444}.DebugLocal|Any CPU.ActiveCfg = Debug|Any CPU
		{B869AE84-126F-4413-882B-EBB3E94DC444}.DebugLocal|Any CPU.Build.0 = Debug|Any CPU
		{B869AE84-126F-4413-882B-EBB3E94DC444}.Release|Any CPU.ActiveCfg = Release|Any CPU
		{B869AE84-126F-4413-882B-EBB3E94DC444}.Release|Any CPU.Build.0 = Release|Any CPU
		{1AE9BC8E-14D2-432E-9B6D-7AD232F726B7}.Debug|Any CPU.ActiveCfg = Debug|Any CPU
		{1AE9BC8E-14D2-432E-9B6D-7AD232F726B7}.Debug|Any CPU.Build.0 = Debug|Any CPU
		{1AE9BC8E-14D2-432E-9B6D-7AD232F726B7}.DebugLocal|Any CPU.ActiveCfg = Debug|Any CPU
		{1AE9BC8E-14D2-432E-9B6D-7AD232F726B7}.DebugLocal|Any CPU.Build.0 = Debug|Any CPU
		{1AE9BC8E-14D2-432E-9B6D-7AD232F726B7}.Release|Any CPU.ActiveCfg = Release|Any CPU
		{1AE9BC8E-14D2-432E-9B6D-7AD232F726B7}.Release|Any CPU.Build.0 = Release|Any CPU
		{D989E3BC-3CA7-400C-BB25-7B6AC905C244}.Debug|Any CPU.ActiveCfg = Debug|Any CPU
		{D989E3BC-3CA7-400C-BB25-7B6AC905C244}.Debug|Any CPU.Build.0 = Debug|Any CPU
		{D989E3BC-3CA7-400C-BB25-7B6AC905C244}.DebugLocal|Any CPU.ActiveCfg = Debug|Any CPU
		{D989E3BC-3CA7-400C-BB25-7B6AC905C244}.DebugLocal|Any CPU.Build.0 = Debug|Any CPU
		{D989E3BC-3CA7-400C-BB25-7B6AC905C244}.Release|Any CPU.ActiveCfg = Release|Any CPU
		{D989E3BC-3CA7-400C-BB25-7B6AC905C244}.Release|Any CPU.Build.0 = Release|Any CPU
		{6A89F07A-4AE6-4C83-8EEE-076964F41417}.Debug|Any CPU.ActiveCfg = Debug|Any CPU
		{6A89F07A-4AE6-4C83-8EEE-076964F41417}.Debug|Any CPU.Build.0 = Debug|Any CPU
		{6A89F07A-4AE6-4C83-8EEE-076964F41417}.DebugLocal|Any CPU.ActiveCfg = Debug|Any CPU
		{6A89F07A-4AE6-4C83-8EEE-076964F41417}.DebugLocal|Any CPU.Build.0 = Debug|Any CPU
		{6A89F07A-4AE6-4C83-8EEE-076964F41417}.Release|Any CPU.ActiveCfg = Release|Any CPU
		{6A89F07A-4AE6-4C83-8EEE-076964F41417}.Release|Any CPU.Build.0 = Release|Any CPU
		{FB1C2839-2888-4C2F-B8CE-8EA98AA82EE3}.Debug|Any CPU.ActiveCfg = Debug|Any CPU
		{FB1C2839-2888-4C2F-B8CE-8EA98AA82EE3}.Debug|Any CPU.Build.0 = Debug|Any CPU
		{FB1C2839-2888-4C2F-B8CE-8EA98AA82EE3}.DebugLocal|Any CPU.ActiveCfg = Debug|Any CPU
		{FB1C2839-2888-4C2F-B8CE-8EA98AA82EE3}.DebugLocal|Any CPU.Build.0 = Debug|Any CPU
		{FB1C2839-2888-4C2F-B8CE-8EA98AA82EE3}.Release|Any CPU.ActiveCfg = Release|Any CPU
		{FB1C2839-2888-4C2F-B8CE-8EA98AA82EE3}.Release|Any CPU.Build.0 = Release|Any CPU
		{6378E80D-A0ED-4268-9C9A-FDCC3D3E09B6}.Debug|Any CPU.ActiveCfg = Debug|Any CPU
		{6378E80D-A0ED-4268-9C9A-FDCC3D3E09B6}.Debug|Any CPU.Build.0 = Debug|Any CPU
		{6378E80D-A0ED-4268-9C9A-FDCC3D3E09B6}.DebugLocal|Any CPU.ActiveCfg = Debug|Any CPU
		{6378E80D-A0ED-4268-9C9A-FDCC3D3E09B6}.DebugLocal|Any CPU.Build.0 = Debug|Any CPU
		{6378E80D-A0ED-4268-9C9A-FDCC3D3E09B6}.Release|Any CPU.ActiveCfg = Release|Any CPU
		{6378E80D-A0ED-4268-9C9A-FDCC3D3E09B6}.Release|Any CPU.Build.0 = Release|Any CPU
		{36494F38-4991-4DE9-B221-14A89F1A7366}.Debug|Any CPU.ActiveCfg = Debug|Any CPU
		{36494F38-4991-4DE9-B221-14A89F1A7366}.Debug|Any CPU.Build.0 = Debug|Any CPU
		{36494F38-4991-4DE9-B221-14A89F1A7366}.DebugLocal|Any CPU.ActiveCfg = Debug|Any CPU
		{36494F38-4991-4DE9-B221-14A89F1A7366}.DebugLocal|Any CPU.Build.0 = Debug|Any CPU
		{36494F38-4991-4DE9-B221-14A89F1A7366}.Release|Any CPU.ActiveCfg = Release|Any CPU
		{36494F38-4991-4DE9-B221-14A89F1A7366}.Release|Any CPU.Build.0 = Release|Any CPU
	EndGlobalSection
	GlobalSection(SolutionProperties) = preSolution
		HideSolutionNode = FALSE
	EndGlobalSection
	GlobalSection(NestedProjects) = preSolution
		{C45D871C-4FFC-4036-9C03-9EFD6C2953A5} = {0310C46D-44D8-48CE-B2BF-91AA47D6C171}
		{EF671318-5006-44DC-8AAB-FD1E193BB50F} = {6DEEEF10-0E1D-4581-AB35-FD548B5763D7}
		{6378E80D-A0ED-4268-9C9A-FDCC3D3E09B6} = {0310C46D-44D8-48CE-B2BF-91AA47D6C171}
	EndGlobalSection
	GlobalSection(ExtensibilityGlobals) = postSolution
		SolutionGuid = {855F93A3-8DB9-48D9-A586-CBD121474065}
	EndGlobalSection
	GlobalSection(Performance) = preSolution
		HasPerformanceSessions = true
	EndGlobalSection
	GlobalSection(Performance) = preSolution
		HasPerformanceSessions = true
	EndGlobalSection
EndGlobal
